<?xml version="1.0" encoding="utf-8"?>
<Project ToolsVersion="17.0" xmlns="http://schemas.microsoft.com/developer/msbuild/2003">
  <ItemGroup>
    <ClCompile Include="C:\Users\98724\OneDrive\projs\MaximumDefectiveClique\src\defclique\defclique.cpp">
      <Filter>Source Files</Filter>
    </ClCompile>
  </ItemGroup>
  <ItemGroup>
    <ClInclude Include="C:\Users\98724\OneDrive\projs\MaximumDefectiveClique\src\defclique\defclique.h">
      <Filter>Header Files</Filter>
    </ClInclude>
  </ItemGroup>
  <ItemGroup>
    <CustomBuild Include="C:\Users\98724\OneDrive\projs\MaximumDefectiveClique\src\defclique\CMakeLists.txt" />
  </ItemGroup>
  <ItemGroup>
    <Filter Include="Header Files">
      <UniqueIdentifier>{BDCCA670-BCC2-38B1-BD9C-A14F9ACFE886}</UniqueIdentifier>
    </Filter>
    <Filter Include="Source Files">
      <UniqueIdentifier>{40869EB0-2881-3891-81F4-C93298E7D9E3}</UniqueIdentifier>
    </Filter>
  </ItemGroup>
</Project>
